
Microsoft Visual Studio Solution File, Format Version 12.00
# Visual Studio Version 17
VisualStudioVersion = 17.3.32929.385
MinimumVisualStudioVersion = 10.0.40219.1
Project("{8BC9CEB8-8B4A-11D0-8D11-00A0C91BC942}") = "q1", "q1\q1.vcxproj", "{B98723DE-167E-4571-A294-80B7BE317DD8}"
EndProject
Project("{8BC9CEB8-8B4A-11D0-8D11-00A0C91BC942}") = "q2.cpp", "q2.cpp\q2.cpp.vcxproj", "{1EC7430B-E975-4428-8298-50DB1FABCDBD}"
EndProject
Project("{8BC9CEB8-8B4A-11D0-8D11-00A0C91BC942}") = "q3", "q3\q3.vcxproj", "{3F9335F3-F93A-4102-B4ED-05692566DADF}"
EndProject
Global
	GlobalSection(SolutionConfigurationPlatforms) = preSolution
		Debug|x64 = Debug|x64
		Debug|x86 = Debug|x86
		Release|x64 = Release|x64
		Release|x86 = Release|x86
	EndGlobalSection
	GlobalSection(ProjectConfigurationPlatforms) = postSolution
		{B98723DE-167E-4571-A294-80B7BE317DD8}.Debug|x64.ActiveCfg = Debug|x64
		{B98723DE-167E-4571-A294-80B7BE317DD8}.Debug|x64.Build.0 = Debug|x64
		{B98723DE-167E-4571-A294-80B7BE317DD8}.Debug|x86.ActiveCfg = Debug|Win32
		{B98723DE-167E-4571-A294-80B7BE317DD8}.Debug|x86.Build.0 = Debug|Win32
		{B98723DE-167E-4571-A294-80B7BE317DD8}.Release|x64.ActiveCfg = Release|x64
		{B98723DE-167E-4571-A294-80B7BE317DD8}.Release|x64.Build.0 = Release|x64
		{B98723DE-167E-4571-A294-80B7BE317DD8}.Release|x86.ActiveCfg = Release|Win32
		{B98723DE-167E-4571-A294-80B7BE317DD8}.Release|x86.Build.0 = Release|Win32
		{1EC7430B-E975-4428-8298-50DB1FABCDBD}.Debug|x64.ActiveCfg = Debug|x64
		{1EC7430B-E975-4428-8298-50DB1FABCDBD}.Debug|x64.Build.0 = Debug|x64
		{1EC7430B-E975-4428-8298-50DB1FABCDBD}.Debug|x86.ActiveCfg = Debug|Win32
		{1EC7430B-E975-4428-8298-50DB1FABCDBD}.Debug|x86.Build.0 = Debug|Win32
		{1EC7430B-E975-4428-8298-50DB1FABCDBD}.Release|x64.ActiveCfg = Release|x64
		{1EC7430B-E975-4428-8298-50DB1FABCDBD}.Release|x64.Build.0 = Release|x64
		{1EC7430B-E975-4428-8298-50DB1FABCDBD}.Release|x86.ActiveCfg = Release|Win32
		{1EC7430B-E975-4428-8298-50DB1FABCDBD}.Release|x86.Build.0 = Release|Win32
		{3F9335F3-F93A-4102-B4ED-05692566DADF}.Debug|x64.ActiveCfg = Debug|x64
		{3F9335F3-F93A-4102-B4ED-05692566DADF}.Debug|x64.Build.0 = Debug|x64
		{3F9335F3-F93A-4102-B4ED-05692566DADF}.Debug|x86.ActiveCfg = Debug|Win32
		{3F9335F3-F93A-4102-B4ED-05692566DADF}.Debug|x86.Build.0 = Debug|Win32
		{3F9335F3-F93A-4102-B4ED-05692566DADF}.Release|x64.ActiveCfg = Release|x64
		{3F9335F3-F93A-4102-B4ED-05692566DADF}.Release|x64.Build.0 = Release|x64
		{3F9335F3-F93A-4102-B4ED-05692566DADF}.Release|x86.ActiveCfg = Release|Win32
		{3F9335F3-F93A-4102-B4ED-05692566DADF}.Release|x86.Build.0 = Release|Win32
	EndGlobalSection
	GlobalSection(SolutionProperties) = preSolution
		HideSolutionNode = FALSE
	EndGlobalSection
	GlobalSection(ExtensibilityGlobals) = postSolution
		SolutionGuid = {64E0E546-701A-4F18-96B6-95502EAF1218}
	EndGlobalSection
EndGlobal
